# This file is autogenerated, do not edit; changes may be undone by the next 'dep ensure'.


[[projects]]
  name = "github.com/BurntSushi/toml"
  packages = ["."]
  revision = "bbd5bb678321a0d6e58f1099321dfa73391c1b6f"
  version = "v0.2.0"

[[projects]]
  name = "github.com/davecgh/go-spew"
  packages = ["spew"]
  revision = "2df174808ee097f90d259e432cc04442cf60be21"

[[projects]]
  name = "github.com/fujiwara/fluent-agent-hydra"
  packages = ["ltsv"]
  revision = "da59b0c40f6f3d8720dbfc1899a52c771e861ddd"
  version = "v0.2.0"

[[projects]]
  name = "github.com/fukata/golang-stats-api-handler"
  packages = ["."]
  revision = "e7ee1630fdb679c86ec8e3d0755e3576675fdb10"

[[projects]]
  branch = "master"
  name = "github.com/lestrrat/go-server-starter"
  packages = ["listener"]
  revision = "f9cb0b066498d26a90fd918fe265adbb0ea02bcf"

[[projects]]
  name = "github.com/pmezard/go-difflib"
  packages = ["difflib"]
  revision = "d8ed2627bdf02c080bf22230dbb337003b7aba2d"

[[projects]]
  name = "github.com/stretchr/testify"
  packages = ["assert"]
  revision = "f390dcf405f7b83c997eac1b06768bb9f44dec18"
  version = "v1.1.3"

[solve-meta]
  analyzer-name = "dep"
  analyzer-version = 1
  inputs-digest = "91f643cf0c6e04cf66fe2c4bf759f5f81aacfe5c007a38a780f7f5e0f31c9e17"
  solver-name = "gps-cdcl"
  solver-version = 1
